
Microsoft Visual Studio Solution File, Format Version 12.00
# Visual Studio 2012
Project("{FAE04EC0-301F-11D3-BF4B-00C04F79EFBC}") = "TipCaclulator.Console", "TipCaclulator.Console\TipCaclulator.Console.csproj", "{0C76F75C-EC76-4C7B-95B0-007B1B0B6D3F}"
EndProject
Project("{FAE04EC0-301F-11D3-BF4B-00C04F79EFBC}") = "TipCalculator", "TipCalculator\TipCalculator.csproj", "{2282294A-50E5-44E1-B4E6-CE8956C93983}"
EndProject
Project("{FAE04EC0-301F-11D3-BF4B-00C04F79EFBC}") = "TipCalculator.Tests.Fixie", "TipCalculator.Tests.Fixie\TipCalculator.Tests.Fixie.csproj", "{CCC0A95F-E528-4267-B6BB-5F77D92D3617}"
EndProject
Project("{FAE04EC0-301F-11D3-BF4B-00C04F79EFBC}") = "TipCalculator.Tests.Storyteller", "TipCalculator.Tests.Storyteller\TipCalculator.Tests.Storyteller.csproj", "{3C28B2F6-FD55-47CA-AE7D-AE57EAF77F70}"
EndProject
Global
	GlobalSection(SolutionConfigurationPlatforms) = preSolution
		Debug|Any CPU = Debug|Any CPU
		Release|Any CPU = Release|Any CPU
	EndGlobalSection
	GlobalSection(ProjectConfigurationPlatforms) = postSolution
		{0C76F75C-EC76-4C7B-95B0-007B1B0B6D3F}.Debug|Any CPU.ActiveCfg = Debug|Any CPU
		{0C76F75C-EC76-4C7B-95B0-007B1B0B6D3F}.Debug|Any CPU.Build.0 = Debug|Any CPU
		{0C76F75C-EC76-4C7B-95B0-007B1B0B6D3F}.Release|Any CPU.ActiveCfg = Release|Any CPU
		{0C76F75C-EC76-4C7B-95B0-007B1B0B6D3F}.Release|Any CPU.Build.0 = Release|Any CPU
		{2282294A-50E5-44E1-B4E6-CE8956C93983}.Debug|Any CPU.ActiveCfg = Debug|Any CPU
		{2282294A-50E5-44E1-B4E6-CE8956C93983}.Debug|Any CPU.Build.0 = Debug|Any CPU
		{2282294A-50E5-44E1-B4E6-CE8956C93983}.Release|Any CPU.ActiveCfg = Release|Any CPU
		{2282294A-50E5-44E1-B4E6-CE8956C93983}.Release|Any CPU.Build.0 = Release|Any CPU
		{CCC0A95F-E528-4267-B6BB-5F77D92D3617}.Debug|Any CPU.ActiveCfg = Debug|Any CPU
		{CCC0A95F-E528-4267-B6BB-5F77D92D3617}.Debug|Any CPU.Build.0 = Debug|Any CPU
		{CCC0A95F-E528-4267-B6BB-5F77D92D3617}.Release|Any CPU.ActiveCfg = Release|Any CPU
		{CCC0A95F-E528-4267-B6BB-5F77D92D3617}.Release|Any CPU.Build.0 = Release|Any CPU
		{3C28B2F6-FD55-47CA-AE7D-AE57EAF77F70}.Debug|Any CPU.ActiveCfg = Debug|Any CPU
		{3C28B2F6-FD55-47CA-AE7D-AE57EAF77F70}.Debug|Any CPU.Build.0 = Debug|Any CPU
		{3C28B2F6-FD55-47CA-AE7D-AE57EAF77F70}.Release|Any CPU.ActiveCfg = Release|Any CPU
		{3C28B2F6-FD55-47CA-AE7D-AE57EAF77F70}.Release|Any CPU.Build.0 = Release|Any CPU
	EndGlobalSection
	GlobalSection(SolutionProperties) = preSolution
		HideSolutionNode = FALSE
	EndGlobalSection
EndGlobal
